
Microsoft Visual Studio Solution File, Format Version 12.00
# Visual Studio Version 16
VisualStudioVersion = 16.0.32228.343
MinimumVisualStudioVersion = 10.0.40219.1
Project("{FAE04EC0-301F-11D3-BF4B-00C04F79EFBC}") = "Interfaces", "Interfaces.csproj", "{FE3374E5-3653-478C-9991-E38FA0ADFB1F}"
EndProject
Global
	GlobalSection(SolutionConfigurationPlatforms) = preSolution
		Debug|Any CPU = Debug|Any CPU
		Release|Any CPU = Release|Any CPU
	EndGlobalSection
	GlobalSection(ProjectConfigurationPlatforms) = postSolution
		{FE3374E5-3653-478C-9991-E38FA0ADFB1F}.Debug|Any CPU.ActiveCfg = Debug|Any CPU
		{FE3374E5-3653-478C-9991-E38FA0ADFB1F}.Debug|Any CPU.Build.0 = Debug|Any CPU
		{FE3374E5-3653-478C-9991-E38FA0ADFB1F}.Release|Any CPU.ActiveCfg = Release|Any CPU
		{FE3374E5-3653-478C-9991-E38FA0ADFB1F}.Release|Any CPU.Build.0 = Release|Any CPU
	EndGlobalSection
	GlobalSection(SolutionProperties) = preSolution
		HideSolutionNode = FALSE
	EndGlobalSection
	GlobalSection(ExtensibilityGlobals) = postSolution
		SolutionGuid = {5D785E5F-73A1-4B95-BC21-AF1EFDFE695B}
	EndGlobalSection
EndGlobal
