
Microsoft Visual Studio Solution File, Format Version 12.00
# Visual Studio Version 16
VisualStudioVersion = 16.0.32228.343
MinimumVisualStudioVersion = 10.0.40219.1
Project("{FAE04EC0-301F-11D3-BF4B-00C04F79EFBC}") = "Overloading", "Overloading.csproj", "{619C6E8B-6C6C-4B04-B5C4-D0D3044E36B7}"
EndProject
Global
	GlobalSection(SolutionConfigurationPlatforms) = preSolution
		Debug|Any CPU = Debug|Any CPU
		Release|Any CPU = Release|Any CPU
	EndGlobalSection
	GlobalSection(ProjectConfigurationPlatforms) = postSolution
		{619C6E8B-6C6C-4B04-B5C4-D0D3044E36B7}.Debug|Any CPU.ActiveCfg = Debug|Any CPU
		{619C6E8B-6C6C-4B04-B5C4-D0D3044E36B7}.Debug|Any CPU.Build.0 = Debug|Any CPU
		{619C6E8B-6C6C-4B04-B5C4-D0D3044E36B7}.Release|Any CPU.ActiveCfg = Release|Any CPU
		{619C6E8B-6C6C-4B04-B5C4-D0D3044E36B7}.Release|Any CPU.Build.0 = Release|Any CPU
	EndGlobalSection
	GlobalSection(SolutionProperties) = preSolution
		HideSolutionNode = FALSE
	EndGlobalSection
	GlobalSection(ExtensibilityGlobals) = postSolution
		SolutionGuid = {C1F6CE5E-73A7-4692-98ED-734A3D07AA62}
	EndGlobalSection
EndGlobal
