
Microsoft Visual Studio Solution File, Format Version 12.00
# Visual Studio Version 16
VisualStudioVersion = 16.0.32228.343
MinimumVisualStudioVersion = 10.0.40219.1
Project("{FAE04EC0-301F-11D3-BF4B-00C04F79EFBC}") = "OOP", "OOP.csproj", "{8D05F4B8-BA46-4CAB-9EB7-1A3E52ED2889}"
EndProject
Global
	GlobalSection(SolutionConfigurationPlatforms) = preSolution
		Debug|Any CPU = Debug|Any CPU
		Release|Any CPU = Release|Any CPU
	EndGlobalSection
	GlobalSection(ProjectConfigurationPlatforms) = postSolution
		{8D05F4B8-BA46-4CAB-9EB7-1A3E52ED2889}.Debug|Any CPU.ActiveCfg = Debug|Any CPU
		{8D05F4B8-BA46-4CAB-9EB7-1A3E52ED2889}.Debug|Any CPU.Build.0 = Debug|Any CPU
		{8D05F4B8-BA46-4CAB-9EB7-1A3E52ED2889}.Release|Any CPU.ActiveCfg = Release|Any CPU
		{8D05F4B8-BA46-4CAB-9EB7-1A3E52ED2889}.Release|Any CPU.Build.0 = Release|Any CPU
	EndGlobalSection
	GlobalSection(SolutionProperties) = preSolution
		HideSolutionNode = FALSE
	EndGlobalSection
	GlobalSection(ExtensibilityGlobals) = postSolution
		SolutionGuid = {0323ADDB-8CAC-491E-95C2-A9EBA594A567}
	EndGlobalSection
EndGlobal
