
Microsoft Visual Studio Solution File, Format Version 12.00
# Visual Studio Version 16
VisualStudioVersion = 16.0.32228.343
MinimumVisualStudioVersion = 10.0.40219.1
Project("{FAE04EC0-301F-11D3-BF4B-00C04F79EFBC}") = "Collections", "Collections.csproj", "{15712F63-53C6-4FBA-B289-72115234126E}"
EndProject
Project("{FAE04EC0-301F-11D3-BF4B-00C04F79EFBC}") = "ArrayList", "..\ArrayList\ArrayList.csproj", "{3ED1C269-582E-4AB1-A047-A71173745B5F}"
EndProject
Global
	GlobalSection(SolutionConfigurationPlatforms) = preSolution
		Debug|Any CPU = Debug|Any CPU
		Release|Any CPU = Release|Any CPU
	EndGlobalSection
	GlobalSection(ProjectConfigurationPlatforms) = postSolution
		{15712F63-53C6-4FBA-B289-72115234126E}.Debug|Any CPU.ActiveCfg = Debug|Any CPU
		{15712F63-53C6-4FBA-B289-72115234126E}.Debug|Any CPU.Build.0 = Debug|Any CPU
		{15712F63-53C6-4FBA-B289-72115234126E}.Release|Any CPU.ActiveCfg = Release|Any CPU
		{15712F63-53C6-4FBA-B289-72115234126E}.Release|Any CPU.Build.0 = Release|Any CPU
		{3ED1C269-582E-4AB1-A047-A71173745B5F}.Debug|Any CPU.ActiveCfg = Debug|Any CPU
		{3ED1C269-582E-4AB1-A047-A71173745B5F}.Debug|Any CPU.Build.0 = Debug|Any CPU
		{3ED1C269-582E-4AB1-A047-A71173745B5F}.Release|Any CPU.ActiveCfg = Release|Any CPU
		{3ED1C269-582E-4AB1-A047-A71173745B5F}.Release|Any CPU.Build.0 = Release|Any CPU
	EndGlobalSection
	GlobalSection(SolutionProperties) = preSolution
		HideSolutionNode = FALSE
	EndGlobalSection
	GlobalSection(ExtensibilityGlobals) = postSolution
		SolutionGuid = {4732F7C0-62B7-4919-8DD1-638DE27E5BBD}
	EndGlobalSection
EndGlobal
