
Microsoft Visual Studio Solution File, Format Version 12.00
# Visual Studio Version 16
VisualStudioVersion = 16.0.32228.343
MinimumVisualStudioVersion = 10.0.40219.1
Project("{FAE04EC0-301F-11D3-BF4B-00C04F79EFBC}") = "ArrayList1", "ArrayList1.csproj", "{4B03170D-FBA6-484E-8580-DD150738BE4E}"
EndProject
Project("{FAE04EC0-301F-11D3-BF4B-00C04F79EFBC}") = "ArrayList2", "..\ArrayList2\ArrayList2.csproj", "{A45EAFCA-3ECF-4A2F-B4AC-95817BDA2335}"
EndProject
Project("{FAE04EC0-301F-11D3-BF4B-00C04F79EFBC}") = "ArrayList1UsingList", "..\ArrayList1UsingList\ArrayList1UsingList.csproj", "{C10712F3-2153-4352-9F37-318298A1A276}"
EndProject
Global
	GlobalSection(SolutionConfigurationPlatforms) = preSolution
		Debug|Any CPU = Debug|Any CPU
		Release|Any CPU = Release|Any CPU
	EndGlobalSection
	GlobalSection(ProjectConfigurationPlatforms) = postSolution
		{4B03170D-FBA6-484E-8580-DD150738BE4E}.Debug|Any CPU.ActiveCfg = Debug|Any CPU
		{4B03170D-FBA6-484E-8580-DD150738BE4E}.Debug|Any CPU.Build.0 = Debug|Any CPU
		{4B03170D-FBA6-484E-8580-DD150738BE4E}.Release|Any CPU.ActiveCfg = Release|Any CPU
		{4B03170D-FBA6-484E-8580-DD150738BE4E}.Release|Any CPU.Build.0 = Release|Any CPU
		{A45EAFCA-3ECF-4A2F-B4AC-95817BDA2335}.Debug|Any CPU.ActiveCfg = Debug|Any CPU
		{A45EAFCA-3ECF-4A2F-B4AC-95817BDA2335}.Debug|Any CPU.Build.0 = Debug|Any CPU
		{A45EAFCA-3ECF-4A2F-B4AC-95817BDA2335}.Release|Any CPU.ActiveCfg = Release|Any CPU
		{A45EAFCA-3ECF-4A2F-B4AC-95817BDA2335}.Release|Any CPU.Build.0 = Release|Any CPU
		{C10712F3-2153-4352-9F37-318298A1A276}.Debug|Any CPU.ActiveCfg = Debug|Any CPU
		{C10712F3-2153-4352-9F37-318298A1A276}.Debug|Any CPU.Build.0 = Debug|Any CPU
		{C10712F3-2153-4352-9F37-318298A1A276}.Release|Any CPU.ActiveCfg = Release|Any CPU
		{C10712F3-2153-4352-9F37-318298A1A276}.Release|Any CPU.Build.0 = Release|Any CPU
	EndGlobalSection
	GlobalSection(SolutionProperties) = preSolution
		HideSolutionNode = FALSE
	EndGlobalSection
	GlobalSection(ExtensibilityGlobals) = postSolution
		SolutionGuid = {81997A95-A400-47F3-A5B5-F8B8C73C825B}
	EndGlobalSection
EndGlobal
