
Microsoft Visual Studio Solution File, Format Version 12.00
# Visual Studio Version 16
VisualStudioVersion = 16.0.32228.343
MinimumVisualStudioVersion = 10.0.40219.1
Project("{FAE04EC0-301F-11D3-BF4B-00C04F79EFBC}") = "LearningStringBuilder", "LearningStringBuilder.csproj", "{70B18435-0F3F-4FDD-8FD3-3C70FFB06D60}"
EndProject
Global
	GlobalSection(SolutionConfigurationPlatforms) = preSolution
		Debug|Any CPU = Debug|Any CPU
		Release|Any CPU = Release|Any CPU
	EndGlobalSection
	GlobalSection(ProjectConfigurationPlatforms) = postSolution
		{70B18435-0F3F-4FDD-8FD3-3C70FFB06D60}.Debug|Any CPU.ActiveCfg = Debug|Any CPU
		{70B18435-0F3F-4FDD-8FD3-3C70FFB06D60}.Debug|Any CPU.Build.0 = Debug|Any CPU
		{70B18435-0F3F-4FDD-8FD3-3C70FFB06D60}.Release|Any CPU.ActiveCfg = Release|Any CPU
		{70B18435-0F3F-4FDD-8FD3-3C70FFB06D60}.Release|Any CPU.Build.0 = Release|Any CPU
	EndGlobalSection
	GlobalSection(SolutionProperties) = preSolution
		HideSolutionNode = FALSE
	EndGlobalSection
	GlobalSection(ExtensibilityGlobals) = postSolution
		SolutionGuid = {6F94DE7D-CF2E-40B0-9C58-99EF9E66ED70}
	EndGlobalSection
EndGlobal
